
Microsoft Visual Studio Solution File, Format Version 12.00
# Visual Studio Version 17
VisualStudioVersion = 17.2.32630.192
MinimumVisualStudioVersion = 10.0.40219.1
Project("{9A19103F-16F7-4668-BE54-9A1E7A4F7556}") = "SecuritasMachinaOffsiteAgent", "SecuritasMachinaOffsiteAgent2\SecuritasMachinaOffsiteAgent.csproj", "{57637D62-23B0-4FA1-AE81-7CFAB287D6B7}"
EndProject
Project("{FAE04EC0-301F-11D3-BF4B-00C04F79EFBC}") = "Common", "..\Common\Common\Common.csproj", "{BC2495CE-D36B-4FD6-9671-576C88154BF5}"
EndProject
Project("{9A19103F-16F7-4668-BE54-9A1E7A4F7556}") = "ScmBackup", "..\scm-backup\src\ScmBackup\ScmBackup.csproj", "{1AC9410A-D6AE-422A-871A-668847EDE9B5}"
EndProject
Global
	GlobalSection(SolutionConfigurationPlatforms) = preSolution
		Debug|Any CPU = Debug|Any CPU
		Release|Any CPU = Release|Any CPU
	EndGlobalSection
	GlobalSection(ProjectConfigurationPlatforms) = postSolution
		{57637D62-23B0-4FA1-AE81-7CFAB287D6B7}.Debug|Any CPU.ActiveCfg = Debug|Any CPU
		{57637D62-23B0-4FA1-AE81-7CFAB287D6B7}.Debug|Any CPU.Build.0 = Debug|Any CPU
		{57637D62-23B0-4FA1-AE81-7CFAB287D6B7}.Release|Any CPU.ActiveCfg = Release|Any CPU
		{57637D62-23B0-4FA1-AE81-7CFAB287D6B7}.Release|Any CPU.Build.0 = Release|Any CPU
		{BC2495CE-D36B-4FD6-9671-576C88154BF5}.Debug|Any CPU.ActiveCfg = Debug|Any CPU
		{BC2495CE-D36B-4FD6-9671-576C88154BF5}.Debug|Any CPU.Build.0 = Debug|Any CPU
		{BC2495CE-D36B-4FD6-9671-576C88154BF5}.Release|Any CPU.ActiveCfg = Release|Any CPU
		{BC2495CE-D36B-4FD6-9671-576C88154BF5}.Release|Any CPU.Build.0 = Release|Any CPU
		{1AC9410A-D6AE-422A-871A-668847EDE9B5}.Debug|Any CPU.ActiveCfg = Debug|Any CPU
		{1AC9410A-D6AE-422A-871A-668847EDE9B5}.Debug|Any CPU.Build.0 = Debug|Any CPU
		{1AC9410A-D6AE-422A-871A-668847EDE9B5}.Release|Any CPU.ActiveCfg = Release|Any CPU
		{1AC9410A-D6AE-422A-871A-668847EDE9B5}.Release|Any CPU.Build.0 = Release|Any CPU
	EndGlobalSection
	GlobalSection(SolutionProperties) = preSolution
		HideSolutionNode = FALSE
	EndGlobalSection
	GlobalSection(ExtensibilityGlobals) = postSolution
		SolutionGuid = {0A01FC84-54CB-4043-B0ED-E17C2848F6D7}
	EndGlobalSection
EndGlobal
